// !$*UTF8*$!
{
	archiveVersion = 1;
	classes = {
	};
	objectVersion = 46;
	objects = {

/* Begin PBXBuildFile section */
		FF2A6BE01A0F3780001607AC /* main.m in Sources */ = {isa = PBXBuildFile; fileRef = FF2A6BDF1A0F3780001607AC /* main.m */; };
		FF2A6BE31A0F3780001607AC /* AppDelegate.m in Sources */ = {isa = PBXBuildFile; fileRef = FF2A6BE21A0F3780001607AC /* AppDelegate.m */; };
		FF2A6BE51A0F3780001607AC /* Images.xcassets in Resources */ = {isa = PBXBuildFile; fileRef = FF2A6BE41A0F3780001607AC /* Images.xcassets */; };
		FF2A6BE81A0F3780001607AC /* LaunchScreen.xib in Resources */ = {isa = PBXBuildFile; fileRef = FF2A6BE61A0F3780001607AC /* LaunchScreen.xib */; };
		FF2A6BF41A0F3780001607AC /* YHB_PrjTests.m in Sources */ = {isa = PBXBuildFile; fileRef = FF2A6BF31A0F3780001607AC /* YHB_PrjTests.m */; };
/* End PBXBuildFile section */

/* Begin PBXContainerItemProxy section */
		FF2A6BEE1A0F3780001607AC /* PBXContainerItemProxy */ = {
			isa = PBXContainerItemProxy;
			containerPortal = FF2A6BD21A0F3780001607AC /* Project object */;
			proxyType = 1;
			remoteGlobalIDString = FF2A6BD91A0F3780001607AC;
			remoteInfo = YHB_Prj;
		};
/* End PBXContainerItemProxy section */

/* Begin PBXFileReference section */
		FF2A6BDA1A0F3780001607AC /* YHB_Prj.app */ = {isa = PBXFileReference; explicitFileType = wrapper.application; includeInIndex = 0; path = YHB_Prj.app; sourceTree = BUILT_PRODUCTS_DIR; };
		FF2A6BDE1A0F3780001607AC /* Info.plist */ = {isa = PBXFileReference; lastKnownFileType = text.plist.xml; path = Info.plist; sourceTree = "<group>"; };
		FF2A6BDF1A0F3780001607AC /* main.m */ = {isa = PBXFileReference; lastKnownFileType = sourcecode.c.objc; path = main.m; sourceTree = "<group>"; };
		FF2A6BE11A0F3780001607AC /* AppDelegate.h */ = {isa = PBXFileReference; lastKnownFileType = sourcecode.c.h; path = AppDelegate.h; sourceTree = "<group>"; };
		FF2A6BE21A0F3780001607AC /* AppDelegate.m */ = {isa = PBXFileReference; lastKnownFileType = sourcecode.c.objc; path = AppDelegate.m; sourceTree = "<group>"; };
		FF2A6BE41A0F3780001607AC /* Images.xcassets */ = {isa = PBXFileReference; lastKnownFileType = folder.assetcatalog; path = Images.xcassets; sourceTree = "<group>"; };
		FF2A6BE71A0F3780001607AC /* Base */ = {isa = PBXFileReference; lastKnownFileType = file.xib; name = Base; path = Base.lproj/LaunchScreen.xib; sourceTree = "<group>"; };
		FF2A6BED1A0F3780001607AC /* YHB_PrjTests.xctest */ = {isa = PBXFileReference; explicitFileType = wrapper.cfbundle; includeInIndex = 0; path = YHB_PrjTests.xctest; sourceTree = BUILT_PRODUCTS_DIR; };
		FF2A6BF21A0F3780001607AC /* Info.plist */ = {isa = PBXFileReference; lastKnownFileType = text.plist.xml; path = Info.plist; sourceTree = "<group>"; };
		FF2A6BF31A0F3780001607AC /* YHB_PrjTests.m */ = {isa = PBXFileReference; lastKnownFileType = sourcecode.c.objc; path = YHB_PrjTests.m; sourceTree = "<group>"; };
/* End PBXFileReference section */

/* Begin PBXFrameworksBuildPhase section */
		FF2A6BD71A0F3780001607AC /* Frameworks */ = {
			isa = PBXFrameworksBuildPhase;
			buildActionMask = 2147483647;
			files = (
			);
			runOnlyForDeploymentPostprocessing = 0;
		};
		FF2A6BEA1A0F3780001607AC /* Frameworks */ = {
			isa = PBXFrameworksBuildPhase;
			buildActionMask = 2147483647;
			files = (
			);
			runOnlyForDeploymentPostprocessing = 0;
		};
/* End PBXFrameworksBuildPhase section */

/* Begin PBXGroup section */
		FF2A6BD11A0F3780001607AC = {
			isa = PBXGroup;
			children = (
				FF2A6BDC1A0F3780001607AC /* YHB_Prj */,
				FF2A6BF01A0F3780001607AC /* YHB_PrjTests */,
				FF2A6BDB1A0F3780001607AC /* Products */,
			);
			sourceTree = "<group>";
		};
		FF2A6BDB1A0F3780001607AC /* Products */ = {
			isa = PBXGroup;
			children = (
				FF2A6BDA1A0F3780001607AC /* YHB_Prj.app */,
				FF2A6BED1A0F3780001607AC /* YHB_PrjTests.xctest */,
			);
			name = Products;
			sourceTree = "<group>";
		};
		FF2A6BDC1A0F3780001607AC /* YHB_Prj */ = {
			isa = PBXGroup;
			children = (
				FF2A6BE11A0F3780001607AC /* AppDelegate.h */,
				FF2A6BE21A0F3780001607AC /* AppDelegate.m */,
				FF2A6BE41A0F3780001607AC /* Images.xcassets */,
				FF2A6BE61A0F3780001607AC /* LaunchScreen.xib */,
				FF2A6BDD1A0F3780001607AC /* Supporting Files */,
			);
			path = YHB_Prj;
			sourceTree = "<group>";
		};
		FF2A6BDD1A0F3780001607AC /* Supporting Files */ = {
			isa = PBXGroup;
			children = (
				FF2A6BDE1A0F3780001607AC /* Info.plist */,
				FF2A6BDF1A0F3780001607AC /* main.m */,
			);
			name = "Supporting Files";
			sourceTree = "<group>";
		};
		FF2A6BF01A0F3780001607AC /* YHB_PrjTests */ = {
			isa = PBXGroup;
			children = (
				FF2A6BF31A0F3780001607AC /* YHB_PrjTests.m */,
				FF2A6BF11A0F3780001607AC /* Supporting Files */,
			);
			path = YHB_PrjTests;
			sourceTree = "<group>";
		};
		FF2A6BF11A0F3780001607AC /* Supporting Files */ = {
			isa = PBXGroup;
			children = (
				FF2A6BF21A0F3780001607AC /* Info.plist */,
			);
			name = "Supporting Files";
			sourceTree = "<group>";
		};
/* End PBXGroup section */

/* Begin PBXNativeTarget section */
		FF2A6BD91A0F3780001607AC /* YHB_Prj */ = {
			isa = PBXNativeTarget;
			buildConfigurationList = FF2A6BF71A0F3780001607AC /* Build configuration list for PBXNativeTarget "YHB_Prj" */;
			buildPhases = (
				FF2A6BD61A0F3780001607AC /* Sources */,
				FF2A6BD71A0F3780001607AC /* Frameworks */,
				FF2A6BD81A0F3780001607AC /* Resources */,
			);
			buildRules = (
			);
			dependencies = (
			);
			name = YHB_Prj;
			productName = YHB_Prj;
			productReference = FF2A6BDA1A0F3780001607AC /* YHB_Prj.app */;
			productType = "com.apple.product-type.application";
		};
		FF2A6BEC1A0F3780001607AC /* YHB_PrjTests */ = {
			isa = PBXNativeTarget;
			buildConfigurationList = FF2A6BFA1A0F3780001607AC /* Build configuration list for PBXNativeTarget "YHB_PrjTests" */;
			buildPhases = (
				FF2A6BE91A0F3780001607AC /* Sources */,
				FF2A6BEA1A0F3780001607AC /* Frameworks */,
				FF2A6BEB1A0F3780001607AC /* Resources */,
			);
			buildRules = (
			);
			dependencies = (
				FF2A6BEF1A0F3780001607AC /* PBXTargetDependency */,
			);
			name = YHB_PrjTests;
			productName = YHB_PrjTests;
			productReference = FF2A6BED1A0F3780001607AC /* YHB_PrjTests.xctest */;
			productType = "com.apple.product-type.bundle.unit-test";
		};
/* End PBXNativeTarget section */

/* Begin PBXProject section */
		FF2A6BD21A0F3780001607AC /* Project object */ = {
			isa = PBXProject;
			attributes = {
				LastUpgradeCheck = 0600;
				ORGANIZATIONNAME = striveliu;
				TargetAttributes = {
					FF2A6BD91A0F3780001607AC = {
						CreatedOnToolsVersion = 6.0;
					};
					FF2A6BEC1A0F3780001607AC = {
						CreatedOnToolsVersion = 6.0;
						TestTargetID = FF2A6BD91A0F3780001607AC;
					};
				};
			};
			buildConfigurationList = FF2A6BD51A0F3780001607AC /* Build configuration list for PBXProject "YHB_Prj" */;
			compatibilityVersion = "Xcode 3.2";
			developmentRegion = English;
			hasScannedForEncodings = 0;
			knownRegions = (
				en,
				Base,
			);
			mainGroup = FF2A6BD11A0F3780001607AC;
			productRefGroup = FF2A6BDB1A0F3780001607AC /* Products */;
			projectDirPath = "";
			projectRoot = "";
			targets = (
				FF2A6BD91A0F3780001607AC /* YHB_Prj */,
				FF2A6BEC1A0F3780001607AC /* YHB_PrjTests */,
			);
		};
/* End PBXProject section */

/* Begin PBXResourcesBuildPhase section */
		FF2A6BD81A0F3780001607AC /* Resources */ = {
			isa = PBXResourcesBuildPhase;
			buildActionMask = 2147483647;
			files = (
				FF2A6BE81A0F3780001607AC /* LaunchScreen.xib in Resources */,
				FF2A6BE51A0F3780001607AC /* Images.xcassets in Resources */,
			);
			runOnlyForDeploymentPostprocessing = 0;
		};
		FF2A6BEB1A0F3780001607AC /* Resources */ = {
			isa = PBXResourcesBuildPhase;
			buildActionMask = 2147483647;
			files = (
			);
			runOnlyForDeploymentPostprocessing = 0;
		};
/* End PBXResourcesBuildPhase section */

/* Begin PBXSourcesBuildPhase section */
		FF2A6BD61A0F3780001607AC /* Sources */ = {
			isa = PBXSourcesBuildPhase;
			buildActionMask = 2147483647;
			files = (
				FF2A6BE31A0F3780001607AC /* AppDelegate.m in Sources */,
				FF2A6BE01A0F3780001607AC /* main.m in Sources */,
			);
			runOnlyForDeploymentPostprocessing = 0;
		};
		FF2A6BE91A0F3780001607AC /* Sources */ = {
			isa = PBXSourcesBuildPhase;
			buildActionMask = 2147483647;
			files = (
				FF2A6BF41A0F3780001607AC /* YHB_PrjTests.m in Sources */,
			);
			runOnlyForDeploymentPostprocessing = 0;
		};
/* End PBXSourcesBuildPhase section */

/* Begin PBXTargetDependency section */
		FF2A6BEF1A0F3780001607AC /* PBXTargetDependency */ = {
			isa = PBXTargetDependency;
			target = FF2A6BD91A0F3780001607AC /* YHB_Prj */;
			targetProxy = FF2A6BEE1A0F3780001607AC /* PBXContainerItemProxy */;
		};
/* End PBXTargetDependency section */

/* Begin PBXVariantGroup section */
		FF2A6BE61A0F3780001607AC /* LaunchScreen.xib */ = {
			isa = PBXVariantGroup;
			children = (
				FF2A6BE71A0F3780001607AC /* Base */,
			);
			name = LaunchScreen.xib;
			sourceTree = "<group>";
		};
/* End PBXVariantGroup section */

/* Begin XCBuildConfiguration section */
		FF2A6BF51A0F3780001607AC /* Debug */ = {
			isa = XCBuildConfiguration;
			buildSettings = {
				ALWAYS_SEARCH_USER_PATHS = NO;
				CLANG_CXX_LANGUAGE_STANDARD = "gnu++0x";
				CLANG_CXX_LIBRARY = "libc++";
				CLANG_ENABLE_MODULES = YES;
				CLANG_ENABLE_OBJC_ARC = YES;
				CLANG_WARN_BOOL_CONVERSION = YES;
				CLANG_WARN_CONSTANT_CONVERSION = YES;
				CLANG_WARN_DIRECT_OBJC_ISA_USAGE = YES_ERROR;
				CLANG_WARN_EMPTY_BODY = YES;
				CLANG_WARN_ENUM_CONVERSION = YES;
				CLANG_WARN_INT_CONVERSION = YES;
				CLANG_WARN_OBJC_ROOT_CLASS = YES_ERROR;
				CLANG_WARN_UNREACHABLE_CODE = YES;
				CLANG_WARN__DUPLICATE_METHOD_MATCH = YES;
				"CODE_SIGN_IDENTITY[sdk=iphoneos*]" = "iPhone Developer";
				COPY_PHASE_STRIP = NO;
				ENABLE_STRICT_OBJC_MSGSEND = YES;
				GCC_C_LANGUAGE_STANDARD = gnu99;
				GCC_DYNAMIC_NO_PIC = NO;
				GCC_OPTIMIZATION_LEVEL = 0;
				GCC_PREPROCESSOR_DEFINITIONS = (
					"DEBUG=1",
					"$(inherited)",
				);
				GCC_SYMBOLS_PRIVATE_EXTERN = NO;
				GCC_WARN_64_TO_32_BIT_CONVERSION = YES;
				GCC_WARN_ABOUT_RETURN_TYPE = YES_ERROR;
				GCC_WARN_UNDECLARED_SELECTOR = YES;
				GCC_WARN_UNINITIALIZED_AUTOS = YES_AGGRESSIVE;
				GCC_WARN_UNUSED_FUNCTION = YES;
				GCC_WARN_UNUSED_VARIABLE = YES;
				IPHONEOS_DEPLOYMENT_TARGET = 8.0;
				MTL_ENABLE_DEBUG_INFO = YES;
				ONLY_ACTIVE_ARCH = YES;
				SDKROOT = iphoneos;
			};
			name = Debug;
		};
		FF2A6BF61A0F3780001607AC /* Release */ = {
			isa = XCBuildConfiguration;
			buildSettings = {
				ALWAYS_SEARCH_USER_PATHS = NO;
				CLANG_CXX_LANGUAGE_STANDARD = "gnu++0x";
				CLANG_CXX_LIBRARY = "libc++";
				CLANG_ENABLE_MODULES = YES;
				CLANG_ENABLE_OBJC_ARC = YES;
				CLANG_WARN_BOOL_CONVERSION = YES;
				CLANG_WARN_CONSTANT_CONVERSION = YES;
				CLANG_WARN_DIRECT_OBJC_ISA_USAGE = YES_ERROR;
				CLANG_WARN_EMPTY_BODY = YES;
				CLANG_WARN_ENUM_CONVERSION = YES;
				CLANG_WARN_INT_CONVERSION = YES;
				CLANG_WARN_OBJC_ROOT_CLASS = YES_ERROR;
				CLANG_WARN_UNREACHABLE_CODE = YES;
				CLANG_WARN__DUPLICATE_METHOD_MATCH = YES;
				"CODE_SIGN_IDENTITY[sdk=iphoneos*]" = "iPhone Developer";
				COPY_PHASE_STRIP = YES;
				ENABLE_NS_ASSERTIONS = NO;
				ENABLE_STRICT_OBJC_MSGSEND = YES;
				GCC_C_LANGUAGE_STANDARD = gnu99;
				GCC_WARN_64_TO_32_BIT_CONVERSION = YES;
				GCC_WARN_ABOUT_RETURN_TYPE = YES_ERROR;
				GCC_WARN_UNDECLARED_SELECTOR = YES;
				GCC_WARN_UNINITIALIZED_AUTOS = YES_AGGRESSIVE;
				GCC_WARN_UNUSED_FUNCTION = YES;
				GCC_WARN_UNUSED_VARIABLE = YES;
				IPHONEOS_DEPLOYMENT_TARGET = 8.0;
				MTL_ENABLE_DEBUG_INFO = NO;
				SDKROOT = iphoneos;
				VALIDATE_PRODUCT = YES;
			};
			name = Release;
		};
		FF2A6BF81A0F3780001607AC /* Debug */ = {
			isa = XCBuildConfiguration;
			buildSettings = {
				ASSETCATALOG_COMPILER_APPICON_NAME = AppIcon;
				INFOPLIST_FILE = YHB_Prj/Info.plist;
				LD_RUNPATH_SEARCH_PATHS = "$(inherited) @executable_path/Frameworks";
				PRODUCT_NAME = "$(TARGET_NAME)";
			};
			name = Debug;
		};
		FF2A6BF91A0F3780001607AC /* Release */ = {
			isa = XCBuildConfiguration;
			buildSettings = {
				ASSETCATALOG_COMPILER_APPICON_NAME = AppIcon;
				INFOPLIST_FILE = YHB_Prj/Info.plist;
				LD_RUNPATH_SEARCH_PATHS = "$(inherited) @executable_path/Frameworks";
				PRODUCT_NAME = "$(TARGET_NAME)";
			};
			name = Release;
		};
		FF2A6BFB1A0F3780001607AC /* Debug */ = {
			isa = XCBuildConfiguration;
			buildSettings = {
				BUNDLE_LOADER = "$(TEST_HOST)";
				FRAMEWORK_SEARCH_PATHS = (
					"$(SDKROOT)/Developer/Library/Frameworks",
					"$(inherited)",
				);
				GCC_PREPROCESSOR_DEFINITIONS = (
					"DEBUG=1",
					"$(inherited)",
				);
				INFOPLIST_FILE = YHB_PrjTests/Info.plist;
				LD_RUNPATH_SEARCH_PATHS = "$(inherited) @executable_path/Frameworks @loader_path/Frameworks";
				PRODUCT_NAME = "$(TARGET_NAME)";
				TEST_HOST = "$(BUILT_PRODUCTS_DIR)/YHB_Prj.app/YHB_Prj";
			};
			name = Debug;
		};
		FF2A6BFC1A0F3780001607AC /* Release */ = {
			isa = XCBuildConfiguration;
			buildSettings = {
				BUNDLE_LOADER = "$(TEST_HOST)";
				FRAMEWORK_SEARCH_PATHS = (
					"$(SDKROOT)/Developer/Library/Frameworks",
					"$(inherited)",
				);
				INFOPLIST_FILE = YHB_PrjTests/Info.plist;
				LD_RUNPATH_SEARCH_PATHS = "$(inherited) @executable_path/Frameworks @loader_path/Frameworks";
				PRODUCT_NAME = "$(TARGET_NAME)";
				TEST_HOST = "$(BUILT_PRODUCTS_DIR)/YHB_Prj.app/YHB_Prj";
			};
			name = Release;
		};
/* End XCBuildConfiguration section */

/* Begin XCConfigurationList section */
		FF2A6BD51A0F3780001607AC /* Build configuration list for PBXProject "YHB_Prj" */ = {
			isa = XCConfigurationList;
			buildConfigurations = (
				FF2A6BF51A0F3780001607AC /* Debug */,
				FF2A6BF61A0F3780001607AC /* Release */,
			);
			defaultConfigurationIsVisible = 0;
			defaultConfigurationName = Release;
		};
		FF2A6BF71A0F3780001607AC /* Build configuration list for PBXNativeTarget "YHB_Prj" */ = {
			isa = XCConfigurationList;
			buildConfigurations = (
				FF2A6BF81A0F3780001607AC /* Debug */,
				FF2A6BF91A0F3780001607AC /* Release */,
			);
			defaultConfigurationIsVisible = 0;
		};
		FF2A6BFA1A0F3780001607AC /* Build configuration list for PBXNativeTarget "YHB_PrjTests" */ = {
			isa = XCConfigurationList;
			buildConfigurations = (
				FF2A6BFB1A0F3780001607AC /* Debug */,
				FF2A6BFC1A0F3780001607AC /* Release */,
			);
			defaultConfigurationIsVisible = 0;
		};
/* End XCConfigurationList section */
	};
	rootObject = FF2A6BD21A0F3780001607AC /* Project object */;
}
